<?xml version="1.0" encoding="utf-8"?>
<Project ToolsVersion="4.0" xmlns="http://schemas.microsoft.com/developer/msbuild/2003">
  <ItemGroup>
    <Filter Include="源文件">
      <UniqueIdentifier>{4FC737F1-C7A5-4376-A066-2A32D752A2FF}</UniqueIdentifier>
      <Extensions>cpp;c;cxx;def;odl;idl;hpj;bat;asm;asmx</Extensions>
    </Filter>
    <Filter Include="头文件">
      <UniqueIdentifier>{93995380-89BD-4b04-88EB-625FBE52EBFB}</UniqueIdentifier>
      <Extensions>h;hpp;hxx;hm;inl;inc;xsd</Extensions>
    </Filter>
    <Filter Include="资源文件">
      <UniqueIdentifier>{67DA6AB6-F800-4c08-8B7A-83BB121AAD01}</UniqueIdentifier>
      <Extensions>rc;ico;cur;bmp;dlg;rc2;rct;bin;rgs;gif;jpg;jpeg;jpe;resx</Extensions>
    </Filter>
  </ItemGroup>
  <ItemGroup>
    <ClCompile Include="AttemperEngineSink.cpp">
      <Filter>源文件</Filter>
    </ClCompile>
    <ClCompile Include="DataBaseEngineSink.cpp">
      <Filter>源文件</Filter>
    </ClCompile>
    <ClCompile Include="InitParameter.cpp">
      <Filter>源文件</Filter>
    </ClCompile>
    <ClCompile Include="LogonServer.cpp">
      <Filter>源文件</Filter>
    </ClCompile>
    <ClCompile Include="LogonServerDlg.cpp">
      <Filter>源文件</Filter>
    </ClCompile>
    <ClCompile Include="ServerListManager.cpp">
      <Filter>源文件</Filter>
    </ClCompile>
    <ClCompile Include="ServiceUnits.cpp">
      <Filter>源文件</Filter>
    </ClCompile>
    <ClCompile Include="Stdafx.cpp">
      <Filter>源文件</Filter>
    </ClCompile>
  </ItemGroup>
  <ItemGroup>
    <ClInclude Include="AttemperEngineSink.h">
      <Filter>头文件</Filter>
    </ClInclude>
    <ClInclude Include="ControlPacket.h">
      <Filter>头文件</Filter>
    </ClInclude>
    <ClInclude Include="DataBaseEngineSink.h">
      <Filter>头文件</Filter>
    </ClInclude>
    <ClInclude Include="DataBasePacket.h">
      <Filter>头文件</Filter>
    </ClInclude>
    <ClInclude Include="InitParameter.h">
      <Filter>头文件</Filter>
    </ClInclude>
    <ClInclude Include="LogonServer.h">
      <Filter>头文件</Filter>
    </ClInclude>
    <ClInclude Include="LogonServerDlg.h">
      <Filter>头文件</Filter>
    </ClInclude>
    <ClInclude Include="Resource.h">
      <Filter>头文件</Filter>
    </ClInclude>
    <ClInclude Include="ServerListManager.h">
      <Filter>头文件</Filter>
    </ClInclude>
    <ClInclude Include="ServiceUnits.h">
      <Filter>头文件</Filter>
    </ClInclude>
    <ClInclude Include="Stdafx.h">
      <Filter>头文件</Filter>
    </ClInclude>
  </ItemGroup>
  <ItemGroup>
    <Image Include="res\LogonServer.ico">
      <Filter>资源文件</Filter>
    </Image>
  </ItemGroup>
  <ItemGroup>
    <ResourceCompile Include="LogonServer.rc">
      <Filter>资源文件</Filter>
    </ResourceCompile>
  </ItemGroup>
  <ItemGroup>
    <None Include="res\LogonServer.rc2">
      <Filter>资源文件</Filter>
    </None>
  </ItemGroup>
</Project>